{
    "_meta": {
        "hash": {
            "sha256": "6274c6164a6b321ea0e9355906729015ebb080f6d66f93ca34101a3ec9a38096"
        },
        "pipfile-spec": 6,
        "requires": {
            "python_version": "3.11"
        },
        "sources": [
            {
                "name": "pypi",
                "url": "https://pypi.org/simple",
                "verify_ssl": true
            }
        ]
    },
    "default": {
        "attrs": {
            "hashes": [
                "sha256:1f28b4522cdc2fb4256ac1a020c78acf9cba2c6b461ccd2c126f3aa8e8335d04",
                "sha256:6279836d581513a26f1bf235f9acd333bc9115683f14f7e8fae46c98fc50e015"
            ],
            "markers": "python_version >= '3.7'",
            "version": "==23.1.0"
        },
        "beautifulsoup4": {
            "hashes": [
                "sha256:492bbc69dca35d12daac71c4db1bfff0c876c00ef4a2ffacce226d4638eb72da",
                "sha256:bd2520ca0d9d7d12694a53d44ac482d181b4ec1888909b035a3dbf40d0f57d4a"
            ],
            "index": "pypi",
            "version": "==4.12.2"
        },
        "case-converter": {
            "hashes": [
                "sha256:2ed3fc6e3ffa8d601f9a31ffcbc8fbd19eaeb48671a79a8ef16394672824510e",
                "sha256:d0fbc665a4fd410e454630bcf5168dce62e147a98512647ed48b0a6b556986e3"
            ],
            "index": "pypi",
            "version": "==1.1.0"
        },
        "cattrs": {
            "hashes": [
                "sha256:b2bb14311ac17bed0d58785e5a60f022e5431aca3932e3fc5cc8ed8639de50a4",
                "sha256:db1c821b8c537382b2c7c66678c3790091ca0275ac486c76f3c8f3920e83c657"
            ],
            "markers": "python_version >= '3.7'",
            "version": "==23.1.2"
        },
        "docstring-to-markdown": {
            "hashes": [
                "sha256:40004224b412bd6f64c0f3b85bb357a41341afd66c4b4896709efa56827fb2bb",
                "sha256:7df6311a887dccf9e770f51242ec002b19f0591994c4783be49d24cdc1df3737"
            ],
            "markers": "python_version >= '3.6'",
            "version": "==0.12"
        },
        "jedi": {
            "hashes": [
                "sha256:bcf9894f1753969cbac8022a8c2eaee06bfa3724e4192470aaffe7eb6272b0c4",
                "sha256:cb8ce23fbccff0025e9386b5cf85e892f94c9b822378f8da49970471335ac64e"
            ],
            "markers": "python_version >= '3.6'",
            "version": "==0.19.0"
        },
        "jedi-language-server": {
            "hashes": [
                "sha256:3f15ca5cc28e728564f7d63583e171b418025582447ce023512e3f2b2d71ebae",
                "sha256:ca9b3e7f48b70f0988d85ffde4f01dd1ab94c8e0f69e8c6424e6657117b44f91"
            ],
            "index": "pypi",
            "version": "==0.41.1"
        },
        "lsprotocol": {
            "hashes": [
                "sha256:ade2cd0fa0ede7965698cb59cd05d3adbd19178fd73e83f72ef57a032fbb9d62",
                "sha256:f7a2d4655cbd5639f373ddd1789807450c543341fa0a32b064ad30dbb9f510d4"
            ],
            "markers": "python_version >= '3.7'",
            "version": "==2023.0.0b1"
        },
        "parso": {
            "hashes": [
                "sha256:8c07be290bb59f03588915921e29e8a50002acaf2cdc5fa0e0114f91709fafa0",
                "sha256:c001d4636cd3aecdaf33cbb40aebb59b094be2a74c556778ef5576c175e19e75"
            ],
            "markers": "python_version >= '3.6'",
            "version": "==0.8.3"
        },
        "pygls": {
            "hashes": [
                "sha256:6d278d29fa6559b0f7a448263c85cb64ec6e9369548b02f1a7944060848b21f9",
                "sha256:888ed63d1f650b4fc64d603d73d37545386ec533c0caac921aed80f80ea946a4"
            ],
            "markers": "python_version >= '3.7' and python_version < '4'",
            "version": "==1.0.2"
        },
        "soupsieve": {
            "hashes": [
                "sha256:5663d5a7b3bfaeee0bc4372e7fc48f9cff4940b3eec54a6451cc5299f1097690",
                "sha256:eaa337ff55a1579b6549dc679565eac1e3d000563bcb1c8ab0d0fefbc0c2cdc7"
            ],
            "markers": "python_version >= '3.8'",
            "version": "==2.5"
        },
        "typeguard": {
            "hashes": [
                "sha256:bbe993854385284ab42fd5bd3bee6f6556577ce8b50696d6cb956d704f286c8e",
                "sha256:fee5297fdb28f8e9efcb8142b5ee219e02375509cd77ea9d270b5af826358d5a"
            ],
            "markers": "python_full_version >= '3.7.4'",
            "version": "==3.0.2"
        }
    },
    "develop": {}
}
